
Microsoft Visual Studio Solution File, Format Version 12.00
# Visual Studio Version 16
VisualStudioVersion = 16.0.809.2
MinimumVisualStudioVersion = 10.0.40219.1
Project("{FAE04EC0-301F-11D3-BF4B-00C04F79EFBC}") = "BookListRazor", "BookListRazor\BookListRazor.csproj", "{0AF1AE97-C601-4ABD-8464-CBE007F3FBC1}"
EndProject
Global
	GlobalSection(SolutionConfigurationPlatforms) = preSolution
		Debug|Any CPU = Debug|Any CPU
		Release|Any CPU = Release|Any CPU
	EndGlobalSection
	GlobalSection(ProjectConfigurationPlatforms) = postSolution
		{0AF1AE97-C601-4ABD-8464-CBE007F3FBC1}.Debug|Any CPU.ActiveCfg = Debug|Any CPU
		{0AF1AE97-C601-4ABD-8464-CBE007F3FBC1}.Debug|Any CPU.Build.0 = Debug|Any CPU
		{0AF1AE97-C601-4ABD-8464-CBE007F3FBC1}.Release|Any CPU.ActiveCfg = Release|Any CPU
		{0AF1AE97-C601-4ABD-8464-CBE007F3FBC1}.Release|Any CPU.Build.0 = Release|Any CPU
	EndGlobalSection
	GlobalSection(SolutionProperties) = preSolution
		HideSolutionNode = FALSE
	EndGlobalSection
	GlobalSection(ExtensibilityGlobals) = postSolution
		SolutionGuid = {13D0243C-27A6-4EB0-BC66-5754603DA848}
	EndGlobalSection
EndGlobal
